
Microsoft Visual Studio Solution File, Format Version 12.00
# Visual Studio 15
VisualStudioVersion = 15.0.28307.329
MinimumVisualStudioVersion = 10.0.40219.1
Project("{FAE04EC0-301F-11D3-BF4B-00C04F79EFBC}") = "Client", "Client\Client.csproj", "{3AEB44E6-B19A-496C-911C-5B1FCE4701AD}"
EndProject
Global
	GlobalSection(SolutionConfigurationPlatforms) = preSolution
		Debug|Any CPU = Debug|Any CPU
		Release|Any CPU = Release|Any CPU
	EndGlobalSection
	GlobalSection(ProjectConfigurationPlatforms) = postSolution
		{3AEB44E6-B19A-496C-911C-5B1FCE4701AD}.Debug|Any CPU.ActiveCfg = Debug|Any CPU
		{3AEB44E6-B19A-496C-911C-5B1FCE4701AD}.Debug|Any CPU.Build.0 = Debug|Any CPU
		{3AEB44E6-B19A-496C-911C-5B1FCE4701AD}.Release|Any CPU.ActiveCfg = Release|Any CPU
		{3AEB44E6-B19A-496C-911C-5B1FCE4701AD}.Release|Any CPU.Build.0 = Release|Any CPU
	EndGlobalSection
	GlobalSection(SolutionProperties) = preSolution
		HideSolutionNode = FALSE
	EndGlobalSection
	GlobalSection(ExtensibilityGlobals) = postSolution
		SolutionGuid = {6AB1427F-925A-4AE8-B0FF-5255F95A6CFD}
	EndGlobalSection
EndGlobal
